
Microsoft Visual Studio Solution File, Format Version 12.00
# Visual Studio 14
VisualStudioVersion = 14.0.25420.1
MinimumVisualStudioVersion = 10.0.40219.1
Project("{FAE04EC0-301F-11D3-BF4B-00C04F79EFBC}") = "CustomRendererXF.Android", "CustomRendererXF\CustomRendererXF.Android\CustomRendererXF.Android.csproj", "{22977BE7-E385-4D59-9582-60E57803181D}"
EndProject
Project("{FAE04EC0-301F-11D3-BF4B-00C04F79EFBC}") = "CustomRendererXF", "CustomRendererXF\CustomRendererXF\CustomRendererXF.csproj", "{C1ADA698-B528-418C-8EA3-A7A8B4BF0D5D}"
EndProject
Project("{FAE04EC0-301F-11D3-BF4B-00C04F79EFBC}") = "CustomRendererXF.iOS", "CustomRendererXF\CustomRendererXF.iOS\CustomRendererXF.iOS.csproj", "{B58E165F-8E96-4DE8-AB27-0AF075CED7DD}"
EndProject
Global
	GlobalSection(SolutionConfigurationPlatforms) = preSolution
		Ad-Hoc|Any CPU = Ad-Hoc|Any CPU
		Ad-Hoc|iPhone = Ad-Hoc|iPhone
		Ad-Hoc|iPhoneSimulator = Ad-Hoc|iPhoneSimulator
		AppStore|Any CPU = AppStore|Any CPU
		AppStore|iPhone = AppStore|iPhone
		AppStore|iPhoneSimulator = AppStore|iPhoneSimulator
		Debug|Any CPU = Debug|Any CPU
		Debug|iPhone = Debug|iPhone
		Debug|iPhoneSimulator = Debug|iPhoneSimulator
		Release|Any CPU = Release|Any CPU
		Release|iPhone = Release|iPhone
		Release|iPhoneSimulator = Release|iPhoneSimulator
	EndGlobalSection
	GlobalSection(ProjectConfigurationPlatforms) = postSolution
		{22977BE7-E385-4D59-9582-60E57803181D}.Ad-Hoc|Any CPU.ActiveCfg = Release|Any CPU
		{22977BE7-E385-4D59-9582-60E57803181D}.Ad-Hoc|Any CPU.Build.0 = Release|Any CPU
		{22977BE7-E385-4D59-9582-60E57803181D}.Ad-Hoc|Any CPU.Deploy.0 = Release|Any CPU
		{22977BE7-E385-4D59-9582-60E57803181D}.Ad-Hoc|iPhone.ActiveCfg = Release|Any CPU
		{22977BE7-E385-4D59-9582-60E57803181D}.Ad-Hoc|iPhone.Build.0 = Release|Any CPU
		{22977BE7-E385-4D59-9582-60E57803181D}.Ad-Hoc|iPhone.Deploy.0 = Release|Any CPU
		{22977BE7-E385-4D59-9582-60E57803181D}.Ad-Hoc|iPhoneSimulator.ActiveCfg = Release|Any CPU
		{22977BE7-E385-4D59-9582-60E57803181D}.Ad-Hoc|iPhoneSimulator.Build.0 = Release|Any CPU
		{22977BE7-E385-4D59-9582-60E57803181D}.Ad-Hoc|iPhoneSimulator.Deploy.0 = Release|Any CPU
		{22977BE7-E385-4D59-9582-60E57803181D}.AppStore|Any CPU.ActiveCfg = Release|Any CPU
		{22977BE7-E385-4D59-9582-60E57803181D}.AppStore|Any CPU.Build.0 = Release|Any CPU
		{22977BE7-E385-4D59-9582-60E57803181D}.AppStore|Any CPU.Deploy.0 = Release|Any CPU
		{22977BE7-E385-4D59-9582-60E57803181D}.AppStore|iPhone.ActiveCfg = Release|Any CPU
		{22977BE7-E385-4D59-9582-60E57803181D}.AppStore|iPhone.Build.0 = Release|Any CPU
		{22977BE7-E385-4D59-9582-60E57803181D}.AppStore|iPhone.Deploy.0 = Release|Any CPU
		{22977BE7-E385-4D59-9582-60E57803181D}.AppStore|iPhoneSimulator.ActiveCfg = Release|Any CPU
		{22977BE7-E385-4D59-9582-60E57803181D}.AppStore|iPhoneSimulator.Build.0 = Release|Any CPU
		{22977BE7-E385-4D59-9582-60E57803181D}.AppStore|iPhoneSimulator.Deploy.0 = Release|Any CPU
		{22977BE7-E385-4D59-9582-60E57803181D}.Debug|Any CPU.ActiveCfg = Debug|Any CPU
		{22977BE7-E385-4D59-9582-60E57803181D}.Debug|Any CPU.Build.0 = Debug|Any CPU
		{22977BE7-E385-4D59-9582-60E57803181D}.Debug|Any CPU.Deploy.0 = Debug|Any CPU
		{22977BE7-E385-4D59-9582-60E57803181D}.Debug|iPhone.ActiveCfg = Debug|Any CPU
		{22977BE7-E385-4D59-9582-60E57803181D}.Debug|iPhone.Build.0 = Debug|Any CPU
		{22977BE7-E385-4D59-9582-60E57803181D}.Debug|iPhone.Deploy.0 = Debug|Any CPU
		{22977BE7-E385-4D59-9582-60E57803181D}.Debug|iPhoneSimulator.ActiveCfg = Debug|Any CPU
		{22977BE7-E385-4D59-9582-60E57803181D}.Debug|iPhoneSimulator.Build.0 = Debug|Any CPU
		{22977BE7-E385-4D59-9582-60E57803181D}.Debug|iPhoneSimulator.Deploy.0 = Debug|Any CPU
		{22977BE7-E385-4D59-9582-60E57803181D}.Release|Any CPU.ActiveCfg = Release|Any CPU
		{22977BE7-E385-4D59-9582-60E57803181D}.Release|Any CPU.Build.0 = Release|Any CPU
		{22977BE7-E385-4D59-9582-60E57803181D}.Release|Any CPU.Deploy.0 = Release|Any CPU
		{22977BE7-E385-4D59-9582-60E57803181D}.Release|iPhone.ActiveCfg = Release|Any CPU
		{22977BE7-E385-4D59-9582-60E57803181D}.Release|iPhone.Build.0 = Release|Any CPU
		{22977BE7-E385-4D59-9582-60E57803181D}.Release|iPhone.Deploy.0 = Release|Any CPU
		{22977BE7-E385-4D59-9582-60E57803181D}.Release|iPhoneSimulator.ActiveCfg = Release|Any CPU
		{22977BE7-E385-4D59-9582-60E57803181D}.Release|iPhoneSimulator.Build.0 = Release|Any CPU
		{22977BE7-E385-4D59-9582-60E57803181D}.Release|iPhoneSimulator.Deploy.0 = Release|Any CPU
		{C1ADA698-B528-418C-8EA3-A7A8B4BF0D5D}.Ad-Hoc|Any CPU.ActiveCfg = Release|Any CPU
		{C1ADA698-B528-418C-8EA3-A7A8B4BF0D5D}.Ad-Hoc|Any CPU.Build.0 = Release|Any CPU
		{C1ADA698-B528-418C-8EA3-A7A8B4BF0D5D}.Ad-Hoc|Any CPU.Deploy.0 = Release|Any CPU
		{C1ADA698-B528-418C-8EA3-A7A8B4BF0D5D}.Ad-Hoc|iPhone.ActiveCfg = Release|Any CPU
		{C1ADA698-B528-418C-8EA3-A7A8B4BF0D5D}.Ad-Hoc|iPhone.Build.0 = Release|Any CPU
		{C1ADA698-B528-418C-8EA3-A7A8B4BF0D5D}.Ad-Hoc|iPhone.Deploy.0 = Release|Any CPU
		{C1ADA698-B528-418C-8EA3-A7A8B4BF0D5D}.Ad-Hoc|iPhoneSimulator.ActiveCfg = Release|Any CPU
		{C1ADA698-B528-418C-8EA3-A7A8B4BF0D5D}.Ad-Hoc|iPhoneSimulator.Build.0 = Release|Any CPU
		{C1ADA698-B528-418C-8EA3-A7A8B4BF0D5D}.Ad-Hoc|iPhoneSimulator.Deploy.0 = Release|Any CPU
		{C1ADA698-B528-418C-8EA3-A7A8B4BF0D5D}.AppStore|Any CPU.ActiveCfg = Release|Any CPU
		{C1ADA698-B528-418C-8EA3-A7A8B4BF0D5D}.AppStore|Any CPU.Build.0 = Release|Any CPU
		{C1ADA698-B528-418C-8EA3-A7A8B4BF0D5D}.AppStore|Any CPU.Deploy.0 = Release|Any CPU
		{C1ADA698-B528-418C-8EA3-A7A8B4BF0D5D}.AppStore|iPhone.ActiveCfg = Release|Any CPU
		{C1ADA698-B528-418C-8EA3-A7A8B4BF0D5D}.AppStore|iPhone.Build.0 = Release|Any CPU
		{C1ADA698-B528-418C-8EA3-A7A8B4BF0D5D}.AppStore|iPhone.Deploy.0 = Release|Any CPU
		{C1ADA698-B528-418C-8EA3-A7A8B4BF0D5D}.AppStore|iPhoneSimulator.ActiveCfg = Release|Any CPU
		{C1ADA698-B528-418C-8EA3-A7A8B4BF0D5D}.AppStore|iPhoneSimulator.Build.0 = Release|Any CPU
		{C1ADA698-B528-418C-8EA3-A7A8B4BF0D5D}.AppStore|iPhoneSimulator.Deploy.0 = Release|Any CPU
		{C1ADA698-B528-418C-8EA3-A7A8B4BF0D5D}.Debug|Any CPU.ActiveCfg = Debug|Any CPU
		{C1ADA698-B528-418C-8EA3-A7A8B4BF0D5D}.Debug|Any CPU.Build.0 = Debug|Any CPU
		{C1ADA698-B528-418C-8EA3-A7A8B4BF0D5D}.Debug|Any CPU.Deploy.0 = Debug|Any CPU
		{C1ADA698-B528-418C-8EA3-A7A8B4BF0D5D}.Debug|iPhone.ActiveCfg = Debug|Any CPU
		{C1ADA698-B528-418C-8EA3-A7A8B4BF0D5D}.Debug|iPhone.Build.0 = Debug|Any CPU
		{C1ADA698-B528-418C-8EA3-A7A8B4BF0D5D}.Debug|iPhone.Deploy.0 = Debug|Any CPU
		{C1ADA698-B528-418C-8EA3-A7A8B4BF0D5D}.Debug|iPhoneSimulator.ActiveCfg = Debug|Any CPU
		{C1ADA698-B528-418C-8EA3-A7A8B4BF0D5D}.Debug|iPhoneSimulator.Build.0 = Debug|Any CPU
		{C1ADA698-B528-418C-8EA3-A7A8B4BF0D5D}.Debug|iPhoneSimulator.Deploy.0 = Debug|Any CPU
		{C1ADA698-B528-418C-8EA3-A7A8B4BF0D5D}.Release|Any CPU.ActiveCfg = Release|Any CPU
		{C1ADA698-B528-418C-8EA3-A7A8B4BF0D5D}.Release|Any CPU.Build.0 = Release|Any CPU
		{C1ADA698-B528-418C-8EA3-A7A8B4BF0D5D}.Release|Any CPU.Deploy.0 = Release|Any CPU
		{C1ADA698-B528-418C-8EA3-A7A8B4BF0D5D}.Release|iPhone.ActiveCfg = Release|Any CPU
		{C1ADA698-B528-418C-8EA3-A7A8B4BF0D5D}.Release|iPhone.Build.0 = Release|Any CPU
		{C1ADA698-B528-418C-8EA3-A7A8B4BF0D5D}.Release|iPhone.Deploy.0 = Release|Any CPU
		{C1ADA698-B528-418C-8EA3-A7A8B4BF0D5D}.Release|iPhoneSimulator.ActiveCfg = Release|Any CPU
		{C1ADA698-B528-418C-8EA3-A7A8B4BF0D5D}.Release|iPhoneSimulator.Build.0 = Release|Any CPU
		{C1ADA698-B528-418C-8EA3-A7A8B4BF0D5D}.Release|iPhoneSimulator.Deploy.0 = Release|Any CPU
		{B58E165F-8E96-4DE8-AB27-0AF075CED7DD}.Ad-Hoc|Any CPU.ActiveCfg = Ad-Hoc|iPhone
		{B58E165F-8E96-4DE8-AB27-0AF075CED7DD}.Ad-Hoc|Any CPU.Build.0 = Ad-Hoc|iPhone
		{B58E165F-8E96-4DE8-AB27-0AF075CED7DD}.Ad-Hoc|Any CPU.Deploy.0 = Ad-Hoc|iPhone
		{B58E165F-8E96-4DE8-AB27-0AF075CED7DD}.Ad-Hoc|iPhone.ActiveCfg = Ad-Hoc|iPhone
		{B58E165F-8E96-4DE8-AB27-0AF075CED7DD}.Ad-Hoc|iPhone.Build.0 = Ad-Hoc|iPhone
		{B58E165F-8E96-4DE8-AB27-0AF075CED7DD}.Ad-Hoc|iPhone.Deploy.0 = Ad-Hoc|iPhone
		{B58E165F-8E96-4DE8-AB27-0AF075CED7DD}.Ad-Hoc|iPhoneSimulator.ActiveCfg = Ad-Hoc|iPhoneSimulator
		{B58E165F-8E96-4DE8-AB27-0AF075CED7DD}.Ad-Hoc|iPhoneSimulator.Build.0 = Ad-Hoc|iPhoneSimulator
		{B58E165F-8E96-4DE8-AB27-0AF075CED7DD}.Ad-Hoc|iPhoneSimulator.Deploy.0 = Ad-Hoc|iPhoneSimulator
		{B58E165F-8E96-4DE8-AB27-0AF075CED7DD}.AppStore|Any CPU.ActiveCfg = AppStore|iPhone
		{B58E165F-8E96-4DE8-AB27-0AF075CED7DD}.AppStore|Any CPU.Build.0 = AppStore|iPhone
		{B58E165F-8E96-4DE8-AB27-0AF075CED7DD}.AppStore|Any CPU.Deploy.0 = AppStore|iPhone
		{B58E165F-8E96-4DE8-AB27-0AF075CED7DD}.AppStore|iPhone.ActiveCfg = AppStore|iPhone
		{B58E165F-8E96-4DE8-AB27-0AF075CED7DD}.AppStore|iPhone.Build.0 = AppStore|iPhone
		{B58E165F-8E96-4DE8-AB27-0AF075CED7DD}.AppStore|iPhone.Deploy.0 = AppStore|iPhone
		{B58E165F-8E96-4DE8-AB27-0AF075CED7DD}.AppStore|iPhoneSimulator.ActiveCfg = AppStore|iPhoneSimulator
		{B58E165F-8E96-4DE8-AB27-0AF075CED7DD}.AppStore|iPhoneSimulator.Build.0 = AppStore|iPhoneSimulator
		{B58E165F-8E96-4DE8-AB27-0AF075CED7DD}.AppStore|iPhoneSimulator.Deploy.0 = AppStore|iPhoneSimulator
		{B58E165F-8E96-4DE8-AB27-0AF075CED7DD}.Debug|Any CPU.ActiveCfg = Debug|iPhoneSimulator
		{B58E165F-8E96-4DE8-AB27-0AF075CED7DD}.Debug|Any CPU.Build.0 = Debug|iPhoneSimulator
		{B58E165F-8E96-4DE8-AB27-0AF075CED7DD}.Debug|Any CPU.Deploy.0 = Debug|iPhoneSimulator
		{B58E165F-8E96-4DE8-AB27-0AF075CED7DD}.Debug|iPhone.ActiveCfg = Debug|iPhone
		{B58E165F-8E96-4DE8-AB27-0AF075CED7DD}.Debug|iPhone.Build.0 = Debug|iPhone
		{B58E165F-8E96-4DE8-AB27-0AF075CED7DD}.Debug|iPhone.Deploy.0 = Debug|iPhone
		{B58E165F-8E96-4DE8-AB27-0AF075CED7DD}.Debug|iPhoneSimulator.ActiveCfg = Debug|iPhoneSimulator
		{B58E165F-8E96-4DE8-AB27-0AF075CED7DD}.Debug|iPhoneSimulator.Build.0 = Debug|iPhoneSimulator
		{B58E165F-8E96-4DE8-AB27-0AF075CED7DD}.Debug|iPhoneSimulator.Deploy.0 = Debug|iPhoneSimulator
		{B58E165F-8E96-4DE8-AB27-0AF075CED7DD}.Release|Any CPU.ActiveCfg = Release|iPhone
		{B58E165F-8E96-4DE8-AB27-0AF075CED7DD}.Release|Any CPU.Build.0 = Release|iPhone
		{B58E165F-8E96-4DE8-AB27-0AF075CED7DD}.Release|Any CPU.Deploy.0 = Release|iPhone
		{B58E165F-8E96-4DE8-AB27-0AF075CED7DD}.Release|iPhone.ActiveCfg = Release|iPhone
		{B58E165F-8E96-4DE8-AB27-0AF075CED7DD}.Release|iPhone.Build.0 = Release|iPhone
		{B58E165F-8E96-4DE8-AB27-0AF075CED7DD}.Release|iPhone.Deploy.0 = Release|iPhone
		{B58E165F-8E96-4DE8-AB27-0AF075CED7DD}.Release|iPhoneSimulator.ActiveCfg = Release|iPhoneSimulator
		{B58E165F-8E96-4DE8-AB27-0AF075CED7DD}.Release|iPhoneSimulator.Build.0 = Release|iPhoneSimulator
		{B58E165F-8E96-4DE8-AB27-0AF075CED7DD}.Release|iPhoneSimulator.Deploy.0 = Release|iPhoneSimulator
	EndGlobalSection
	GlobalSection(SolutionProperties) = preSolution
		HideSolutionNode = FALSE
	EndGlobalSection
EndGlobal
